// !$*UTF8*$!
{
	archiveVersion = 1;
	classes = {
	};
	objectVersion = 50;
	objects = {

/* Begin PBXBuildFile section */
		041B10112124774700F60123 /* NESGLProgram.h in Headers */ = {isa = PBXBuildFile; fileRef = 041B100F2124774700F60123 /* NESGLProgram.h */; settings = {ATTRIBUTES = (Public, ); }; };
		041B1015212477B000F60123 /* NESGLTexture.mm in Sources */ = {isa = PBXBuildFile; fileRef = 041B1013212477B000F60123 /* NESGLTexture.mm */; };
		041B1016212477B000F60123 /* NESGLProgram.mm in Sources */ = {isa = PBXBuildFile; fileRef = 041B1014212477B000F60123 /* NESGLProgram.mm */; };
		041B1019212477F000F60123 /* NESGLFramebuffer.h in Headers */ = {isa = PBXBuildFile; fileRef = 041B1017212477F000F60123 /* NESGLFramebuffer.h */; settings = {ATTRIBUTES = (Public, ); }; };
		041B101A212477F000F60123 /* NESGLFramebuffer.mm in Sources */ = {isa = PBXBuildFile; fileRef = 041B1018212477F000F60123 /* NESGLFramebuffer.mm */; };
		041B101D2124781400F60123 /* NESGLVertexBuffer.h in Headers */ = {isa = PBXBuildFile; fileRef = 041B101B2124781400F60123 /* NESGLVertexBuffer.h */; settings = {ATTRIBUTES = (Public, ); }; };
		041B101E2124781400F60123 /* NESGLVertexBuffer.mm in Sources */ = {isa = PBXBuildFile; fileRef = 041B101C2124781400F60123 /* NESGLVertexBuffer.mm */; };
		041BC9992111FB5B00893FC5 /* NESCGL.cpp in Sources */ = {isa = PBXBuildFile; fileRef = 041BC9972111FB5B00893FC5 /* NESCGL.cpp */; };
		041BC99A2111FB5B00893FC5 /* NESCGL.hpp in Headers */ = {isa = PBXBuildFile; fileRef = 041BC9982111FB5B00893FC5 /* NESCGL.hpp */; };
		041BC99D2112015000893FC5 /* NESCGLHelper.cpp in Sources */ = {isa = PBXBuildFile; fileRef = 041BC99B2112015000893FC5 /* NESCGLHelper.cpp */; };
		041BC99E2112015000893FC5 /* NESCGLHelper.hpp in Headers */ = {isa = PBXBuildFile; fileRef = 041BC99C2112015000893FC5 /* NESCGLHelper.hpp */; };
		04353DDA2222CFB200907179 /* NESCGLGrayFilter.cpp in Sources */ = {isa = PBXBuildFile; fileRef = 04353DD82222CFB200907179 /* NESCGLGrayFilter.cpp */; };
		04353DDB2222CFB200907179 /* NESCGLGrayFilter.hpp in Headers */ = {isa = PBXBuildFile; fileRef = 04353DD92222CFB200907179 /* NESCGLGrayFilter.hpp */; };
		04353DDE2222D18B00907179 /* NESGLGrayFilter.h in Headers */ = {isa = PBXBuildFile; fileRef = 04353DDC2222D18B00907179 /* NESGLGrayFilter.h */; };
		04353DDF2222D18B00907179 /* NESGLGrayFilter.mm in Sources */ = {isa = PBXBuildFile; fileRef = 04353DDD2222D18B00907179 /* NESGLGrayFilter.mm */; };
		043658872110A58600487018 /* NESImage.h in Headers */ = {isa = PBXBuildFile; fileRef = 043658852110A58600487018 /* NESImage.h */; settings = {ATTRIBUTES = (Public, ); }; };
		043658982110A69000487018 /* OpenGLES.framework in Frameworks */ = {isa = PBXBuildFile; fileRef = 043658972110A69000487018 /* OpenGLES.framework */; };
		0436589B2110B65000487018 /* NESCGLFramebuffer.cpp in Sources */ = {isa = PBXBuildFile; fileRef = 043658992110B65000487018 /* NESCGLFramebuffer.cpp */; };
		0436589C2110B65000487018 /* NESCGLFramebuffer.hpp in Headers */ = {isa = PBXBuildFile; fileRef = 0436589A2110B65000487018 /* NESCGLFramebuffer.hpp */; };
		0436589F2110B65C00487018 /* NESCGLTexture.cpp in Sources */ = {isa = PBXBuildFile; fileRef = 0436589D2110B65C00487018 /* NESCGLTexture.cpp */; };
		043658A02110B65C00487018 /* NESCGLTexture.hpp in Headers */ = {isa = PBXBuildFile; fileRef = 0436589E2110B65C00487018 /* NESCGLTexture.hpp */; };
		043658A32110B71700487018 /* NESCGLProgram.cpp in Sources */ = {isa = PBXBuildFile; fileRef = 043658A12110B71700487018 /* NESCGLProgram.cpp */; };
		043658A42110B71700487018 /* NESCGLProgram.hpp in Headers */ = {isa = PBXBuildFile; fileRef = 043658A22110B71700487018 /* NESCGLProgram.hpp */; };
		043658A72110B72C00487018 /* NESCGLTypes.cpp in Sources */ = {isa = PBXBuildFile; fileRef = 043658A52110B72C00487018 /* NESCGLTypes.cpp */; };
		043658A82110B72C00487018 /* NESCGLTypes.hpp in Headers */ = {isa = PBXBuildFile; fileRef = 043658A62110B72C00487018 /* NESCGLTypes.hpp */; };
		043658AB2110BB2400487018 /* NESGLTexture.h in Headers */ = {isa = PBXBuildFile; fileRef = 043658A92110BB2400487018 /* NESGLTexture.h */; settings = {ATTRIBUTES = (Public, ); }; };
		04420F44215D2C5200DDDD65 /* NESInput.h in Headers */ = {isa = PBXBuildFile; fileRef = 04420F42215D2C5200DDDD65 /* NESInput.h */; settings = {ATTRIBUTES = (Public, ); }; };
		04420F48215D2C5C00DDDD65 /* NESOutput.h in Headers */ = {isa = PBXBuildFile; fileRef = 04420F46215D2C5C00DDDD65 /* NESOutput.h */; settings = {ATTRIBUTES = (Public, ); }; };
		04420F49215D2C5C00DDDD65 /* NESOutput.m in Sources */ = {isa = PBXBuildFile; fileRef = 04420F47215D2C5C00DDDD65 /* NESOutput.m */; };
		045FC9F622145CF100953489 /* NESCamera.h in Headers */ = {isa = PBXBuildFile; fileRef = 045FC9F422145CF100953489 /* NESCamera.h */; settings = {ATTRIBUTES = (Public, ); }; };
		045FC9F722145CF100953489 /* NESCamera.m in Sources */ = {isa = PBXBuildFile; fileRef = 045FC9F522145CF100953489 /* NESCamera.m */; };
		047BDDD321D11820009D9F7A /* NESCGLFilter.cpp in Sources */ = {isa = PBXBuildFile; fileRef = 047BDDD121D11820009D9F7A /* NESCGLFilter.cpp */; };
		047BDDD421D11820009D9F7A /* NESCGLFilter.hpp in Headers */ = {isa = PBXBuildFile; fileRef = 047BDDD221D11820009D9F7A /* NESCGLFilter.hpp */; };
		047F4953215E7F6B00C688D0 /* NESGLFilter.h in Headers */ = {isa = PBXBuildFile; fileRef = 047F4951215E7F6B00C688D0 /* NESGLFilter.h */; settings = {ATTRIBUTES = (Public, ); }; };
		047F4954215E7F6B00C688D0 /* NESGLFilter.mm in Sources */ = {isa = PBXBuildFile; fileRef = 047F4952215E7F6B00C688D0 /* NESGLFilter.mm */; };
		049178092119D8BF0084B3C9 /* NESCGLVertexBuffer.cpp in Sources */ = {isa = PBXBuildFile; fileRef = 049178072119D8BF0084B3C9 /* NESCGLVertexBuffer.cpp */; };
		0491780A2119D8BF0084B3C9 /* NESCGLVertexBuffer.hpp in Headers */ = {isa = PBXBuildFile; fileRef = 049178082119D8BF0084B3C9 /* NESCGLVertexBuffer.hpp */; };
		049A01C52212F31600158FB4 /* NESGLView.h in Headers */ = {isa = PBXBuildFile; fileRef = 049A01C32212F31600158FB4 /* NESGLView.h */; settings = {ATTRIBUTES = (Public, ); }; };
		049A01C62212F31600158FB4 /* NESGLView.mm in Sources */ = {isa = PBXBuildFile; fileRef = 049A01C42212F31600158FB4 /* NESGLView.mm */; };
		049A0BA8221EE25B00A95C51 /* NESCGL3x3BoxFilter.cpp in Sources */ = {isa = PBXBuildFile; fileRef = 049A0BA6221EE25B00A95C51 /* NESCGL3x3BoxFilter.cpp */; };
		049A0BA9221EE25B00A95C51 /* NESCGL3x3BoxFilter.hpp in Headers */ = {isa = PBXBuildFile; fileRef = 049A0BA7221EE25B00A95C51 /* NESCGL3x3BoxFilter.hpp */; };
		04D7A7A9212994D300EDD769 /* NESGLContext.h in Headers */ = {isa = PBXBuildFile; fileRef = 04D7A7A7212994D300EDD769 /* NESGLContext.h */; settings = {ATTRIBUTES = (Public, ); }; };
		04D7A7AA212994D300EDD769 /* NESGLContext.mm in Sources */ = {isa = PBXBuildFile; fileRef = 04D7A7A8212994D300EDD769 /* NESGLContext.mm */; };
		04D7A7AD21299BF900EDD769 /* NESGLTexturePool.h in Headers */ = {isa = PBXBuildFile; fileRef = 04D7A7AB21299BF900EDD769 /* NESGLTexturePool.h */; settings = {ATTRIBUTES = (Public, ); }; };
		04D7A7AE21299BF900EDD769 /* NESGLTexturePool.m in Sources */ = {isa = PBXBuildFile; fileRef = 04D7A7AC21299BF900EDD769 /* NESGLTexturePool.m */; };
		04E163EE2217B5E4004B2A04 /* CoreGraphics.framework in Frameworks */ = {isa = PBXBuildFile; fileRef = 04E163ED2217B5E4004B2A04 /* CoreGraphics.framework */; };
		04E163F02217B5EF004B2A04 /* AVFoundation.framework in Frameworks */ = {isa = PBXBuildFile; fileRef = 04E163EF2217B5EF004B2A04 /* AVFoundation.framework */; };
		04E163F22217B604004B2A04 /* CoreVideo.framework in Frameworks */ = {isa = PBXBuildFile; fileRef = 04E163F12217B603004B2A04 /* CoreVideo.framework */; };
		04E163F42217B610004B2A04 /* Foundation.framework in Frameworks */ = {isa = PBXBuildFile; fileRef = 04E163F32217B610004B2A04 /* Foundation.framework */; };
/* End PBXBuildFile section */

/* Begin PBXFileReference section */
		041B100F2124774700F60123 /* NESGLProgram.h */ = {isa = PBXFileReference; lastKnownFileType = sourcecode.c.h; path = NESGLProgram.h; sourceTree = "<group>"; };
		041B1013212477B000F60123 /* NESGLTexture.mm */ = {isa = PBXFileReference; fileEncoding = 4; lastKnownFileType = sourcecode.cpp.objcpp; path = NESGLTexture.mm; sourceTree = "<group>"; };
		041B1014212477B000F60123 /* NESGLProgram.mm */ = {isa = PBXFileReference; fileEncoding = 4; lastKnownFileType = sourcecode.cpp.objcpp; path = NESGLProgram.mm; sourceTree = "<group>"; };
		041B1017212477F000F60123 /* NESGLFramebuffer.h */ = {isa = PBXFileReference; lastKnownFileType = sourcecode.c.h; path = NESGLFramebuffer.h; sourceTree = "<group>"; };
		041B1018212477F000F60123 /* NESGLFramebuffer.mm */ = {isa = PBXFileReference; lastKnownFileType = sourcecode.cpp.objcpp; path = NESGLFramebuffer.mm; sourceTree = "<group>"; };
		041B101B2124781400F60123 /* NESGLVertexBuffer.h */ = {isa = PBXFileReference; lastKnownFileType = sourcecode.c.h; path = NESGLVertexBuffer.h; sourceTree = "<group>"; };
		041B101C2124781400F60123 /* NESGLVertexBuffer.mm */ = {isa = PBXFileReference; lastKnownFileType = sourcecode.cpp.objcpp; path = NESGLVertexBuffer.mm; sourceTree = "<group>"; };
		041BC9972111FB5B00893FC5 /* NESCGL.cpp */ = {isa = PBXFileReference; lastKnownFileType = sourcecode.cpp.cpp; path = NESCGL.cpp; sourceTree = "<group>"; };
		041BC9982111FB5B00893FC5 /* NESCGL.hpp */ = {isa = PBXFileReference; lastKnownFileType = sourcecode.cpp.h; path = NESCGL.hpp; sourceTree = "<group>"; };
		041BC99B2112015000893FC5 /* NESCGLHelper.cpp */ = {isa = PBXFileReference; lastKnownFileType = sourcecode.cpp.cpp; path = NESCGLHelper.cpp; sourceTree = "<group>"; };
		041BC99C2112015000893FC5 /* NESCGLHelper.hpp */ = {isa = PBXFileReference; lastKnownFileType = sourcecode.cpp.h; path = NESCGLHelper.hpp; sourceTree = "<group>"; };
		04353DD82222CFB200907179 /* NESCGLGrayFilter.cpp */ = {isa = PBXFileReference; lastKnownFileType = sourcecode.cpp.cpp; path = NESCGLGrayFilter.cpp; sourceTree = "<group>"; };
		04353DD92222CFB200907179 /* NESCGLGrayFilter.hpp */ = {isa = PBXFileReference; lastKnownFileType = sourcecode.cpp.h; path = NESCGLGrayFilter.hpp; sourceTree = "<group>"; };
		04353DDC2222D18B00907179 /* NESGLGrayFilter.h */ = {isa = PBXFileReference; lastKnownFileType = sourcecode.c.h; path = NESGLGrayFilter.h; sourceTree = "<group>"; };
		04353DDD2222D18B00907179 /* NESGLGrayFilter.mm */ = {isa = PBXFileReference; lastKnownFileType = sourcecode.cpp.objcpp; path = NESGLGrayFilter.mm; sourceTree = "<group>"; };
		043658822110A58600487018 /* NESImage.framework */ = {isa = PBXFileReference; explicitFileType = wrapper.framework; includeInIndex = 0; path = NESImage.framework; sourceTree = BUILT_PRODUCTS_DIR; };
		043658852110A58600487018 /* NESImage.h */ = {isa = PBXFileReference; lastKnownFileType = sourcecode.c.h; path = NESImage.h; sourceTree = "<group>"; };
		043658862110A58600487018 /* Info.plist */ = {isa = PBXFileReference; lastKnownFileType = text.plist.xml; path = Info.plist; sourceTree = "<group>"; };
		043658972110A69000487018 /* OpenGLES.framework */ = {isa = PBXFileReference; lastKnownFileType = wrapper.framework; name = OpenGLES.framework; path = System/Library/Frameworks/OpenGLES.framework; sourceTree = SDKROOT; };
		043658992110B65000487018 /* NESCGLFramebuffer.cpp */ = {isa = PBXFileReference; lastKnownFileType = sourcecode.cpp.cpp; path = NESCGLFramebuffer.cpp; sourceTree = "<group>"; };
		0436589A2110B65000487018 /* NESCGLFramebuffer.hpp */ = {isa = PBXFileReference; lastKnownFileType = sourcecode.cpp.h; path = NESCGLFramebuffer.hpp; sourceTree = "<group>"; };
		0436589D2110B65C00487018 /* NESCGLTexture.cpp */ = {isa = PBXFileReference; lastKnownFileType = sourcecode.cpp.cpp; path = NESCGLTexture.cpp; sourceTree = "<group>"; };
		0436589E2110B65C00487018 /* NESCGLTexture.hpp */ = {isa = PBXFileReference; lastKnownFileType = sourcecode.cpp.h; path = NESCGLTexture.hpp; sourceTree = "<group>"; };
		043658A12110B71700487018 /* NESCGLProgram.cpp */ = {isa = PBXFileReference; lastKnownFileType = sourcecode.cpp.cpp; path = NESCGLProgram.cpp; sourceTree = "<group>"; };
		043658A22110B71700487018 /* NESCGLProgram.hpp */ = {isa = PBXFileReference; lastKnownFileType = sourcecode.cpp.h; path = NESCGLProgram.hpp; sourceTree = "<group>"; };
		043658A52110B72C00487018 /* NESCGLTypes.cpp */ = {isa = PBXFileReference; lastKnownFileType = sourcecode.cpp.cpp; path = NESCGLTypes.cpp; sourceTree = "<group>"; };
		043658A62110B72C00487018 /* NESCGLTypes.hpp */ = {isa = PBXFileReference; lastKnownFileType = sourcecode.cpp.h; path = NESCGLTypes.hpp; sourceTree = "<group>"; };
		043658A92110BB2400487018 /* NESGLTexture.h */ = {isa = PBXFileReference; lastKnownFileType = sourcecode.c.h; path = NESGLTexture.h; sourceTree = "<group>"; };
		04420F42215D2C5200DDDD65 /* NESInput.h */ = {isa = PBXFileReference; lastKnownFileType = sourcecode.c.h; path = NESInput.h; sourceTree = "<group>"; };
		04420F46215D2C5C00DDDD65 /* NESOutput.h */ = {isa = PBXFileReference; lastKnownFileType = sourcecode.c.h; path = NESOutput.h; sourceTree = "<group>"; };
		04420F47215D2C5C00DDDD65 /* NESOutput.m */ = {isa = PBXFileReference; lastKnownFileType = sourcecode.c.objc; path = NESOutput.m; sourceTree = "<group>"; };
		045FC9F422145CF100953489 /* NESCamera.h */ = {isa = PBXFileReference; lastKnownFileType = sourcecode.c.h; path = NESCamera.h; sourceTree = "<group>"; };
		045FC9F522145CF100953489 /* NESCamera.m */ = {isa = PBXFileReference; lastKnownFileType = sourcecode.c.objc; path = NESCamera.m; sourceTree = "<group>"; };
		047BDDD121D11820009D9F7A /* NESCGLFilter.cpp */ = {isa = PBXFileReference; lastKnownFileType = sourcecode.cpp.cpp; path = NESCGLFilter.cpp; sourceTree = "<group>"; };
		047BDDD221D11820009D9F7A /* NESCGLFilter.hpp */ = {isa = PBXFileReference; lastKnownFileType = sourcecode.cpp.h; path = NESCGLFilter.hpp; sourceTree = "<group>"; };
		047F4951215E7F6B00C688D0 /* NESGLFilter.h */ = {isa = PBXFileReference; lastKnownFileType = sourcecode.c.h; path = NESGLFilter.h; sourceTree = "<group>"; };
		047F4952215E7F6B00C688D0 /* NESGLFilter.mm */ = {isa = PBXFileReference; lastKnownFileType = sourcecode.cpp.objcpp; path = NESGLFilter.mm; sourceTree = "<group>"; };
		049178072119D8BF0084B3C9 /* NESCGLVertexBuffer.cpp */ = {isa = PBXFileReference; lastKnownFileType = sourcecode.cpp.cpp; path = NESCGLVertexBuffer.cpp; sourceTree = "<group>"; };
		049178082119D8BF0084B3C9 /* NESCGLVertexBuffer.hpp */ = {isa = PBXFileReference; lastKnownFileType = sourcecode.cpp.h; path = NESCGLVertexBuffer.hpp; sourceTree = "<group>"; };
		049A01C32212F31600158FB4 /* NESGLView.h */ = {isa = PBXFileReference; lastKnownFileType = sourcecode.c.h; path = NESGLView.h; sourceTree = "<group>"; };
		049A01C42212F31600158FB4 /* NESGLView.mm */ = {isa = PBXFileReference; lastKnownFileType = sourcecode.cpp.objcpp; path = NESGLView.mm; sourceTree = "<group>"; };
		049A0BA6221EE25B00A95C51 /* NESCGL3x3BoxFilter.cpp */ = {isa = PBXFileReference; lastKnownFileType = sourcecode.cpp.cpp; path = NESCGL3x3BoxFilter.cpp; sourceTree = "<group>"; };
		049A0BA7221EE25B00A95C51 /* NESCGL3x3BoxFilter.hpp */ = {isa = PBXFileReference; lastKnownFileType = sourcecode.cpp.h; path = NESCGL3x3BoxFilter.hpp; sourceTree = "<group>"; };
		04D7A7A7212994D300EDD769 /* NESGLContext.h */ = {isa = PBXFileReference; lastKnownFileType = sourcecode.c.h; path = NESGLContext.h; sourceTree = "<group>"; };
		04D7A7A8212994D300EDD769 /* NESGLContext.mm */ = {isa = PBXFileReference; lastKnownFileType = sourcecode.cpp.objcpp; path = NESGLContext.mm; sourceTree = "<group>"; };
		04D7A7AB21299BF900EDD769 /* NESGLTexturePool.h */ = {isa = PBXFileReference; lastKnownFileType = sourcecode.c.h; path = NESGLTexturePool.h; sourceTree = "<group>"; };
		04D7A7AC21299BF900EDD769 /* NESGLTexturePool.m */ = {isa = PBXFileReference; lastKnownFileType = sourcecode.c.objc; path = NESGLTexturePool.m; sourceTree = "<group>"; };
		04E163ED2217B5E4004B2A04 /* CoreGraphics.framework */ = {isa = PBXFileReference; lastKnownFileType = wrapper.framework; name = CoreGraphics.framework; path = System/Library/Frameworks/CoreGraphics.framework; sourceTree = SDKROOT; };
		04E163EF2217B5EF004B2A04 /* AVFoundation.framework */ = {isa = PBXFileReference; lastKnownFileType = wrapper.framework; name = AVFoundation.framework; path = System/Library/Frameworks/AVFoundation.framework; sourceTree = SDKROOT; };
		04E163F12217B603004B2A04 /* CoreVideo.framework */ = {isa = PBXFileReference; lastKnownFileType = wrapper.framework; name = CoreVideo.framework; path = System/Library/Frameworks/CoreVideo.framework; sourceTree = SDKROOT; };
		04E163F32217B610004B2A04 /* Foundation.framework */ = {isa = PBXFileReference; lastKnownFileType = wrapper.framework; name = Foundation.framework; path = System/Library/Frameworks/Foundation.framework; sourceTree = SDKROOT; };
/* End PBXFileReference section */

/* Begin PBXFrameworksBuildPhase section */
		0436587E2110A58600487018 /* Frameworks */ = {
			isa = PBXFrameworksBuildPhase;
			buildActionMask = 2147483647;
			files = (
				04E163F42217B610004B2A04 /* Foundation.framework in Frameworks */,
				04E163F22217B604004B2A04 /* CoreVideo.framework in Frameworks */,
				04E163F02217B5EF004B2A04 /* AVFoundation.framework in Frameworks */,
				04E163EE2217B5E4004B2A04 /* CoreGraphics.framework in Frameworks */,
				043658982110A69000487018 /* OpenGLES.framework in Frameworks */,
			);
			runOnlyForDeploymentPostprocessing = 0;
		};
/* End PBXFrameworksBuildPhase section */

/* Begin PBXGroup section */
		0412B99A21290C9000787383 /* context */ = {
			isa = PBXGroup;
			children = (
				04D7A7A7212994D300EDD769 /* NESGLContext.h */,
				04D7A7A8212994D300EDD769 /* NESGLContext.mm */,
				04D7A7AB21299BF900EDD769 /* NESGLTexturePool.h */,
				04D7A7AC21299BF900EDD769 /* NESGLTexturePool.m */,
			);
			path = context;
			sourceTree = "<group>";
		};
		043658782110A58600487018 = {
			isa = PBXGroup;
			children = (
				043658842110A58600487018 /* NESImage */,
				043658832110A58600487018 /* Products */,
				043658962110A69000487018 /* Frameworks */,
			);
			sourceTree = "<group>";
		};
		043658832110A58600487018 /* Products */ = {
			isa = PBXGroup;
			children = (
				043658822110A58600487018 /* NESImage.framework */,
			);
			name = Products;
			sourceTree = "<group>";
		};
		043658842110A58600487018 /* NESImage */ = {
			isa = PBXGroup;
			children = (
				0436588E2110A66000487018 /* interface */,
				0436588D2110A66000487018 /* native */,
				043658852110A58600487018 /* NESImage.h */,
				043658862110A58600487018 /* Info.plist */,
			);
			path = NESImage;
			sourceTree = "<group>";
		};
		0436588D2110A66000487018 /* native */ = {
			isa = PBXGroup;
			children = (
				043658952110A68400487018 /* basic */,
				043658942110A68300487018 /* filter */,
			);
			path = native;
			sourceTree = "<group>";
		};
		0436588E2110A66000487018 /* interface */ = {
			isa = PBXGroup;
			children = (
				0436588F2110A66000487018 /* objc */,
			);
			path = interface;
			sourceTree = "<group>";
		};
		0436588F2110A66000487018 /* objc */ = {
			isa = PBXGroup;
			children = (
				0412B99A21290C9000787383 /* context */,
				043658902110A66000487018 /* source */,
				043658912110A66000487018 /* basic */,
				043658922110A66000487018 /* output */,
				043658932110A66000487018 /* filter */,
			);
			path = objc;
			sourceTree = "<group>";
		};
		043658902110A66000487018 /* source */ = {
			isa = PBXGroup;
			children = (
				045FC9F422145CF100953489 /* NESCamera.h */,
				045FC9F522145CF100953489 /* NESCamera.m */,
			);
			path = source;
			sourceTree = "<group>";
		};
		043658912110A66000487018 /* basic */ = {
			isa = PBXGroup;
			children = (
				043658A92110BB2400487018 /* NESGLTexture.h */,
				041B1013212477B000F60123 /* NESGLTexture.mm */,
				041B100F2124774700F60123 /* NESGLProgram.h */,
				041B1014212477B000F60123 /* NESGLProgram.mm */,
				041B1017212477F000F60123 /* NESGLFramebuffer.h */,
				041B1018212477F000F60123 /* NESGLFramebuffer.mm */,
				041B101B2124781400F60123 /* NESGLVertexBuffer.h */,
				041B101C2124781400F60123 /* NESGLVertexBuffer.mm */,
				04420F42215D2C5200DDDD65 /* NESInput.h */,
				04420F46215D2C5C00DDDD65 /* NESOutput.h */,
				04420F47215D2C5C00DDDD65 /* NESOutput.m */,
			);
			path = basic;
			sourceTree = "<group>";
		};
		043658922110A66000487018 /* output */ = {
			isa = PBXGroup;
			children = (
				049A01C32212F31600158FB4 /* NESGLView.h */,
				049A01C42212F31600158FB4 /* NESGLView.mm */,
			);
			path = output;
			sourceTree = "<group>";
		};
		043658932110A66000487018 /* filter */ = {
			isa = PBXGroup;
			children = (
				047F4951215E7F6B00C688D0 /* NESGLFilter.h */,
				047F4952215E7F6B00C688D0 /* NESGLFilter.mm */,
				04353DDC2222D18B00907179 /* NESGLGrayFilter.h */,
				04353DDD2222D18B00907179 /* NESGLGrayFilter.mm */,
			);
			path = filter;
			sourceTree = "<group>";
		};
		043658942110A68300487018 /* filter */ = {
			isa = PBXGroup;
			children = (
				047BDDD121D11820009D9F7A /* NESCGLFilter.cpp */,
				047BDDD221D11820009D9F7A /* NESCGLFilter.hpp */,
				049A0BA6221EE25B00A95C51 /* NESCGL3x3BoxFilter.cpp */,
				049A0BA7221EE25B00A95C51 /* NESCGL3x3BoxFilter.hpp */,
				04353DD82222CFB200907179 /* NESCGLGrayFilter.cpp */,
				04353DD92222CFB200907179 /* NESCGLGrayFilter.hpp */,
			);
			path = filter;
			sourceTree = "<group>";
		};
		043658952110A68400487018 /* basic */ = {
			isa = PBXGroup;
			children = (
				049178072119D8BF0084B3C9 /* NESCGLVertexBuffer.cpp */,
				049178082119D8BF0084B3C9 /* NESCGLVertexBuffer.hpp */,
				043658992110B65000487018 /* NESCGLFramebuffer.cpp */,
				0436589A2110B65000487018 /* NESCGLFramebuffer.hpp */,
				0436589D2110B65C00487018 /* NESCGLTexture.cpp */,
				0436589E2110B65C00487018 /* NESCGLTexture.hpp */,
				043658A12110B71700487018 /* NESCGLProgram.cpp */,
				043658A22110B71700487018 /* NESCGLProgram.hpp */,
				043658A52110B72C00487018 /* NESCGLTypes.cpp */,
				043658A62110B72C00487018 /* NESCGLTypes.hpp */,
				041BC9972111FB5B00893FC5 /* NESCGL.cpp */,
				041BC9982111FB5B00893FC5 /* NESCGL.hpp */,
				041BC99B2112015000893FC5 /* NESCGLHelper.cpp */,
				041BC99C2112015000893FC5 /* NESCGLHelper.hpp */,
			);
			path = basic;
			sourceTree = "<group>";
		};
		043658962110A69000487018 /* Frameworks */ = {
			isa = PBXGroup;
			children = (
				04E163F32217B610004B2A04 /* Foundation.framework */,
				04E163F12217B603004B2A04 /* CoreVideo.framework */,
				04E163EF2217B5EF004B2A04 /* AVFoundation.framework */,
				04E163ED2217B5E4004B2A04 /* CoreGraphics.framework */,
				043658972110A69000487018 /* OpenGLES.framework */,
			);
			name = Frameworks;
			sourceTree = "<group>";
		};
/* End PBXGroup section */

/* Begin PBXHeadersBuildPhase section */
		0436587F2110A58600487018 /* Headers */ = {
			isa = PBXHeadersBuildPhase;
			buildActionMask = 2147483647;
			files = (
				049A01C52212F31600158FB4 /* NESGLView.h in Headers */,
				041B101D2124781400F60123 /* NESGLVertexBuffer.h in Headers */,
				047F4953215E7F6B00C688D0 /* NESGLFilter.h in Headers */,
				04D7A7AD21299BF900EDD769 /* NESGLTexturePool.h in Headers */,
				041B1019212477F000F60123 /* NESGLFramebuffer.h in Headers */,
				04420F48215D2C5C00DDDD65 /* NESOutput.h in Headers */,
				045FC9F622145CF100953489 /* NESCamera.h in Headers */,
				041B10112124774700F60123 /* NESGLProgram.h in Headers */,
				04353DDE2222D18B00907179 /* NESGLGrayFilter.h in Headers */,
				04D7A7A9212994D300EDD769 /* NESGLContext.h in Headers */,
				043658AB2110BB2400487018 /* NESGLTexture.h in Headers */,
				04420F44215D2C5200DDDD65 /* NESInput.h in Headers */,
				04353DDB2222CFB200907179 /* NESCGLGrayFilter.hpp in Headers */,
				043658A02110B65C00487018 /* NESCGLTexture.hpp in Headers */,
				043658A42110B71700487018 /* NESCGLProgram.hpp in Headers */,
				043658A82110B72C00487018 /* NESCGLTypes.hpp in Headers */,
				049A0BA9221EE25B00A95C51 /* NESCGL3x3BoxFilter.hpp in Headers */,
				041BC99E2112015000893FC5 /* NESCGLHelper.hpp in Headers */,
				047BDDD421D11820009D9F7A /* NESCGLFilter.hpp in Headers */,
				043658872110A58600487018 /* NESImage.h in Headers */,
				041BC99A2111FB5B00893FC5 /* NESCGL.hpp in Headers */,
				0436589C2110B65000487018 /* NESCGLFramebuffer.hpp in Headers */,
				0491780A2119D8BF0084B3C9 /* NESCGLVertexBuffer.hpp in Headers */,
			);
			runOnlyForDeploymentPostprocessing = 0;
		};
/* End PBXHeadersBuildPhase section */

/* Begin PBXNativeTarget section */
		043658812110A58600487018 /* NESImage */ = {
			isa = PBXNativeTarget;
			buildConfigurationList = 0436588A2110A58600487018 /* Build configuration list for PBXNativeTarget "NESImage" */;
			buildPhases = (
				0436587D2110A58600487018 /* Sources */,
				0436587E2110A58600487018 /* Frameworks */,
				0436587F2110A58600487018 /* Headers */,
				043658802110A58600487018 /* Resources */,
			);
			buildRules = (
			);
			dependencies = (
			);
			name = NESImage;
			productName = NESImage;
			productReference = 043658822110A58600487018 /* NESImage.framework */;
			productType = "com.apple.product-type.framework";
		};
/* End PBXNativeTarget section */

/* Begin PBXProject section */
		043658792110A58600487018 /* Project object */ = {
			isa = PBXProject;
			attributes = {
				LastUpgradeCheck = 0940;
				ORGANIZATIONNAME = chen;
				TargetAttributes = {
					043658812110A58600487018 = {
						CreatedOnToolsVersion = 9.4.1;
					};
				};
			};
			buildConfigurationList = 0436587C2110A58600487018 /* Build configuration list for PBXProject "NESImage" */;
			compatibilityVersion = "Xcode 9.3";
			developmentRegion = en;
			hasScannedForEncodings = 0;
			knownRegions = (
				en,
			);
			mainGroup = 043658782110A58600487018;
			productRefGroup = 043658832110A58600487018 /* Products */;
			projectDirPath = "";
			projectRoot = "";
			targets = (
				043658812110A58600487018 /* NESImage */,
			);
		};
/* End PBXProject section */

/* Begin PBXResourcesBuildPhase section */
		043658802110A58600487018 /* Resources */ = {
			isa = PBXResourcesBuildPhase;
			buildActionMask = 2147483647;
			files = (
			);
			runOnlyForDeploymentPostprocessing = 0;
		};
/* End PBXResourcesBuildPhase section */

/* Begin PBXSourcesBuildPhase section */
		0436587D2110A58600487018 /* Sources */ = {
			isa = PBXSourcesBuildPhase;
			buildActionMask = 2147483647;
			files = (
				043658A32110B71700487018 /* NESCGLProgram.cpp in Sources */,
				043658A72110B72C00487018 /* NESCGLTypes.cpp in Sources */,
				04353DDA2222CFB200907179 /* NESCGLGrayFilter.cpp in Sources */,
				049A0BA8221EE25B00A95C51 /* NESCGL3x3BoxFilter.cpp in Sources */,
				047F4954215E7F6B00C688D0 /* NESGLFilter.mm in Sources */,
				047BDDD321D11820009D9F7A /* NESCGLFilter.cpp in Sources */,
				041B101E2124781400F60123 /* NESGLVertexBuffer.mm in Sources */,
				04D7A7AA212994D300EDD769 /* NESGLContext.mm in Sources */,
				049178092119D8BF0084B3C9 /* NESCGLVertexBuffer.cpp in Sources */,
				045FC9F722145CF100953489 /* NESCamera.m in Sources */,
				04420F49215D2C5C00DDDD65 /* NESOutput.m in Sources */,
				041B101A212477F000F60123 /* NESGLFramebuffer.mm in Sources */,
				049A01C62212F31600158FB4 /* NESGLView.mm in Sources */,
				0436589F2110B65C00487018 /* NESCGLTexture.cpp in Sources */,
				041B1015212477B000F60123 /* NESGLTexture.mm in Sources */,
				0436589B2110B65000487018 /* NESCGLFramebuffer.cpp in Sources */,
				041BC9992111FB5B00893FC5 /* NESCGL.cpp in Sources */,
				041BC99D2112015000893FC5 /* NESCGLHelper.cpp in Sources */,
				04353DDF2222D18B00907179 /* NESGLGrayFilter.mm in Sources */,
				04D7A7AE21299BF900EDD769 /* NESGLTexturePool.m in Sources */,
				041B1016212477B000F60123 /* NESGLProgram.mm in Sources */,
			);
			runOnlyForDeploymentPostprocessing = 0;
		};
/* End PBXSourcesBuildPhase section */

/* Begin XCBuildConfiguration section */
		043658882110A58600487018 /* Debug */ = {
			isa = XCBuildConfiguration;
			buildSettings = {
				ALWAYS_SEARCH_USER_PATHS = NO;
				CLANG_ANALYZER_NONNULL = YES;
				CLANG_ANALYZER_NUMBER_OBJECT_CONVERSION = YES_AGGRESSIVE;
				CLANG_CXX_LANGUAGE_STANDARD = "gnu++14";
				CLANG_CXX_LIBRARY = "libc++";
				CLANG_ENABLE_MODULES = YES;
				CLANG_ENABLE_OBJC_ARC = YES;
				CLANG_ENABLE_OBJC_WEAK = YES;
				CLANG_WARN_BLOCK_CAPTURE_AUTORELEASING = YES;
				CLANG_WARN_BOOL_CONVERSION = YES;
				CLANG_WARN_COMMA = YES;
				CLANG_WARN_CONSTANT_CONVERSION = YES;
				CLANG_WARN_DEPRECATED_OBJC_IMPLEMENTATIONS = YES;
				CLANG_WARN_DIRECT_OBJC_ISA_USAGE = YES_ERROR;
				CLANG_WARN_DOCUMENTATION_COMMENTS = YES;
				CLANG_WARN_EMPTY_BODY = YES;
				CLANG_WARN_ENUM_CONVERSION = YES;
				CLANG_WARN_INFINITE_RECURSION = YES;
				CLANG_WARN_INT_CONVERSION = YES;
				CLANG_WARN_NON_LITERAL_NULL_CONVERSION = YES;
				CLANG_WARN_OBJC_IMPLICIT_RETAIN_SELF = YES;
				CLANG_WARN_OBJC_LITERAL_CONVERSION = YES;
				CLANG_WARN_OBJC_ROOT_CLASS = YES_ERROR;
				CLANG_WARN_RANGE_LOOP_ANALYSIS = YES;
				CLANG_WARN_STRICT_PROTOTYPES = YES;
				CLANG_WARN_SUSPICIOUS_MOVE = YES;
				CLANG_WARN_UNGUARDED_AVAILABILITY = YES_AGGRESSIVE;
				CLANG_WARN_UNREACHABLE_CODE = YES;
				CLANG_WARN__DUPLICATE_METHOD_MATCH = YES;
				CODE_SIGN_IDENTITY = "iPhone Developer";
				COPY_PHASE_STRIP = NO;
				CURRENT_PROJECT_VERSION = 1;
				DEBUG_INFORMATION_FORMAT = dwarf;
				ENABLE_STRICT_OBJC_MSGSEND = YES;
				ENABLE_TESTABILITY = YES;
				GCC_C_LANGUAGE_STANDARD = gnu11;
				GCC_DYNAMIC_NO_PIC = NO;
				GCC_NO_COMMON_BLOCKS = YES;
				GCC_OPTIMIZATION_LEVEL = 0;
				GCC_PREPROCESSOR_DEFINITIONS = (
					"DEBUG=1",
					"$(inherited)",
				);
				GCC_WARN_64_TO_32_BIT_CONVERSION = YES;
				GCC_WARN_ABOUT_RETURN_TYPE = YES_ERROR;
				GCC_WARN_UNDECLARED_SELECTOR = YES;
				GCC_WARN_UNINITIALIZED_AUTOS = YES_AGGRESSIVE;
				GCC_WARN_UNUSED_FUNCTION = YES;
				GCC_WARN_UNUSED_VARIABLE = YES;
				IPHONEOS_DEPLOYMENT_TARGET = 11.4;
				MTL_ENABLE_DEBUG_INFO = YES;
				ONLY_ACTIVE_ARCH = YES;
				SDKROOT = iphoneos;
				VERSIONING_SYSTEM = "apple-generic";
				VERSION_INFO_PREFIX = "";
			};
			name = Debug;
		};
		043658892110A58600487018 /* Release */ = {
			isa = XCBuildConfiguration;
			buildSettings = {
				ALWAYS_SEARCH_USER_PATHS = NO;
				CLANG_ANALYZER_NONNULL = YES;
				CLANG_ANALYZER_NUMBER_OBJECT_CONVERSION = YES_AGGRESSIVE;
				CLANG_CXX_LANGUAGE_STANDARD = "gnu++14";
				CLANG_CXX_LIBRARY = "libc++";
				CLANG_ENABLE_MODULES = YES;
				CLANG_ENABLE_OBJC_ARC = YES;
				CLANG_ENABLE_OBJC_WEAK = YES;
				CLANG_WARN_BLOCK_CAPTURE_AUTORELEASING = YES;
				CLANG_WARN_BOOL_CONVERSION = YES;
				CLANG_WARN_COMMA = YES;
				CLANG_WARN_CONSTANT_CONVERSION = YES;
				CLANG_WARN_DEPRECATED_OBJC_IMPLEMENTATIONS = YES;
				CLANG_WARN_DIRECT_OBJC_ISA_USAGE = YES_ERROR;
				CLANG_WARN_DOCUMENTATION_COMMENTS = YES;
				CLANG_WARN_EMPTY_BODY = YES;
				CLANG_WARN_ENUM_CONVERSION = YES;
				CLANG_WARN_INFINITE_RECURSION = YES;
				CLANG_WARN_INT_CONVERSION = YES;
				CLANG_WARN_NON_LITERAL_NULL_CONVERSION = YES;
				CLANG_WARN_OBJC_IMPLICIT_RETAIN_SELF = YES;
				CLANG_WARN_OBJC_LITERAL_CONVERSION = YES;
				CLANG_WARN_OBJC_ROOT_CLASS = YES_ERROR;
				CLANG_WARN_RANGE_LOOP_ANALYSIS = YES;
				CLANG_WARN_STRICT_PROTOTYPES = YES;
				CLANG_WARN_SUSPICIOUS_MOVE = YES;
				CLANG_WARN_UNGUARDED_AVAILABILITY = YES_AGGRESSIVE;
				CLANG_WARN_UNREACHABLE_CODE = YES;
				CLANG_WARN__DUPLICATE_METHOD_MATCH = YES;
				CODE_SIGN_IDENTITY = "iPhone Developer";
				COPY_PHASE_STRIP = NO;
				CURRENT_PROJECT_VERSION = 1;
				DEBUG_INFORMATION_FORMAT = "dwarf-with-dsym";
				ENABLE_NS_ASSERTIONS = NO;
				ENABLE_STRICT_OBJC_MSGSEND = YES;
				GCC_C_LANGUAGE_STANDARD = gnu11;
				GCC_NO_COMMON_BLOCKS = YES;
				GCC_WARN_64_TO_32_BIT_CONVERSION = YES;
				GCC_WARN_ABOUT_RETURN_TYPE = YES_ERROR;
				GCC_WARN_UNDECLARED_SELECTOR = YES;
				GCC_WARN_UNINITIALIZED_AUTOS = YES_AGGRESSIVE;
				GCC_WARN_UNUSED_FUNCTION = YES;
				GCC_WARN_UNUSED_VARIABLE = YES;
				IPHONEOS_DEPLOYMENT_TARGET = 11.4;
				MTL_ENABLE_DEBUG_INFO = NO;
				SDKROOT = iphoneos;
				VALIDATE_PRODUCT = YES;
				VERSIONING_SYSTEM = "apple-generic";
				VERSION_INFO_PREFIX = "";
			};
			name = Release;
		};
		0436588B2110A58600487018 /* Debug */ = {
			isa = XCBuildConfiguration;
			buildSettings = {
				CODE_SIGN_IDENTITY = "";
				CODE_SIGN_STYLE = Automatic;
				DEFINES_MODULE = YES;
				DEVELOPMENT_TEAM = 5DTKJ6X5RU;
				DYLIB_COMPATIBILITY_VERSION = 1;
				DYLIB_CURRENT_VERSION = 1;
				DYLIB_INSTALL_NAME_BASE = "@rpath";
				ENABLE_BITCODE = NO;
				INFOPLIST_FILE = NESImage/Info.plist;
				INSTALL_PATH = "$(LOCAL_LIBRARY_DIR)/Frameworks";
				IPHONEOS_DEPLOYMENT_TARGET = 8.0;
				LD_RUNPATH_SEARCH_PATHS = (
					"$(inherited)",
					"@executable_path/Frameworks",
					"@loader_path/Frameworks",
				);
				MACH_O_TYPE = staticlib;
				PRODUCT_BUNDLE_IDENTIFIER = chen.NESImage;
				PRODUCT_NAME = "$(TARGET_NAME:c99extidentifier)";
				SKIP_INSTALL = YES;
				TARGETED_DEVICE_FAMILY = "1,2";
			};
			name = Debug;
		};
		0436588C2110A58600487018 /* Release */ = {
			isa = XCBuildConfiguration;
			buildSettings = {
				CODE_SIGN_IDENTITY = "";
				CODE_SIGN_STYLE = Automatic;
				DEFINES_MODULE = YES;
				DEVELOPMENT_TEAM = 5DTKJ6X5RU;
				DYLIB_COMPATIBILITY_VERSION = 1;
				DYLIB_CURRENT_VERSION = 1;
				DYLIB_INSTALL_NAME_BASE = "@rpath";
				ENABLE_BITCODE = NO;
				INFOPLIST_FILE = NESImage/Info.plist;
				INSTALL_PATH = "$(LOCAL_LIBRARY_DIR)/Frameworks";
				IPHONEOS_DEPLOYMENT_TARGET = 8.0;
				LD_RUNPATH_SEARCH_PATHS = (
					"$(inherited)",
					"@executable_path/Frameworks",
					"@loader_path/Frameworks",
				);
				MACH_O_TYPE = staticlib;
				PRODUCT_BUNDLE_IDENTIFIER = chen.NESImage;
				PRODUCT_NAME = "$(TARGET_NAME:c99extidentifier)";
				SKIP_INSTALL = YES;
				TARGETED_DEVICE_FAMILY = "1,2";
			};
			name = Release;
		};
/* End XCBuildConfiguration section */

/* Begin XCConfigurationList section */
		0436587C2110A58600487018 /* Build configuration list for PBXProject "NESImage" */ = {
			isa = XCConfigurationList;
			buildConfigurations = (
				043658882110A58600487018 /* Debug */,
				043658892110A58600487018 /* Release */,
			);
			defaultConfigurationIsVisible = 0;
			defaultConfigurationName = Release;
		};
		0436588A2110A58600487018 /* Build configuration list for PBXNativeTarget "NESImage" */ = {
			isa = XCConfigurationList;
			buildConfigurations = (
				0436588B2110A58600487018 /* Debug */,
				0436588C2110A58600487018 /* Release */,
			);
			defaultConfigurationIsVisible = 0;
			defaultConfigurationName = Release;
		};
/* End XCConfigurationList section */
	};
	rootObject = 043658792110A58600487018 /* Project object */;
}
